
Microsoft Visual Studio Solution File, Format Version 12.00
# Visual Studio 2012
Project("{FAE04EC0-301F-11D3-BF4B-00C04F79EFBC}") = "10001st prime", "10001st prime\10001st prime.csproj", "{704EB171-6B1B-4F27-A455-F97FA08B7A9E}"
EndProject
Global
	GlobalSection(SolutionConfigurationPlatforms) = preSolution
		Debug|Any CPU = Debug|Any CPU
		Release|Any CPU = Release|Any CPU
	EndGlobalSection
	GlobalSection(ProjectConfigurationPlatforms) = postSolution
		{704EB171-6B1B-4F27-A455-F97FA08B7A9E}.Debug|Any CPU.ActiveCfg = Debug|Any CPU
		{704EB171-6B1B-4F27-A455-F97FA08B7A9E}.Debug|Any CPU.Build.0 = Debug|Any CPU
		{704EB171-6B1B-4F27-A455-F97FA08B7A9E}.Release|Any CPU.ActiveCfg = Release|Any CPU
		{704EB171-6B1B-4F27-A455-F97FA08B7A9E}.Release|Any CPU.Build.0 = Release|Any CPU
	EndGlobalSection
	GlobalSection(SolutionProperties) = preSolution
		HideSolutionNode = FALSE
	EndGlobalSection
EndGlobal
